// !$*UTF8*$!
{
	archiveVersion = 1;
	classes = {
	};
	objectVersion = 56;
	objects = {

/* Begin PBXBuildFile section */
		5248E9112BED2A8F0079E1BE /* StudyiOSProjectApp.swift in Sources */ = {isa = PBXBuildFile; fileRef = 5248E9102BED2A8F0079E1BE /* StudyiOSProjectApp.swift */; };
		5248E9132BED2A8F0079E1BE /* ContentView.swift in Sources */ = {isa = PBXBuildFile; fileRef = 5248E9122BED2A8F0079E1BE /* ContentView.swift */; };
		5248E9152BED2A8F0079E1BE /* Item.swift in Sources */ = {isa = PBXBuildFile; fileRef = 5248E9142BED2A8F0079E1BE /* Item.swift */; };
		5248E9172BED2A920079E1BE /* Assets.xcassets in Resources */ = {isa = PBXBuildFile; fileRef = 5248E9162BED2A920079E1BE /* Assets.xcassets */; };
		5248E91B2BED2A920079E1BE /* Preview Assets.xcassets in Resources */ = {isa = PBXBuildFile; fileRef = 5248E91A2BED2A920079E1BE /* Preview Assets.xcassets */; };
		5248E9252BED2A920079E1BE /* StudyiOSProjectTests.swift in Sources */ = {isa = PBXBuildFile; fileRef = 5248E9242BED2A920079E1BE /* StudyiOSProjectTests.swift */; };
		5248E92F2BED2A920079E1BE /* StudyiOSProjectUITests.swift in Sources */ = {isa = PBXBuildFile; fileRef = 5248E92E2BED2A920079E1BE /* StudyiOSProjectUITests.swift */; };
		5248E9312BED2A930079E1BE /* StudyiOSProjectUITestsLaunchTests.swift in Sources */ = {isa = PBXBuildFile; fileRef = 5248E9302BED2A930079E1BE /* StudyiOSProjectUITestsLaunchTests.swift */; };
/* End PBXBuildFile section */

/* Begin PBXContainerItemProxy section */
		5248E9212BED2A920079E1BE /* PBXContainerItemProxy */ = {
			isa = PBXContainerItemProxy;
			containerPortal = 5248E9052BED2A8F0079E1BE /* Project object */;
			proxyType = 1;
			remoteGlobalIDString = 5248E90C2BED2A8F0079E1BE;
			remoteInfo = StudyiOSProject;
		};
		5248E92B2BED2A920079E1BE /* PBXContainerItemProxy */ = {
			isa = PBXContainerItemProxy;
			containerPortal = 5248E9052BED2A8F0079E1BE /* Project object */;
			proxyType = 1;
			remoteGlobalIDString = 5248E90C2BED2A8F0079E1BE;
			remoteInfo = StudyiOSProject;
		};
/* End PBXContainerItemProxy section */

/* Begin PBXFileReference section */
		5248E90D2BED2A8F0079E1BE /* StudyiOSProject.app */ = {isa = PBXFileReference; explicitFileType = wrapper.application; includeInIndex = 0; path = StudyiOSProject.app; sourceTree = BUILT_PRODUCTS_DIR; };
		5248E9102BED2A8F0079E1BE /* StudyiOSProjectApp.swift */ = {isa = PBXFileReference; lastKnownFileType = sourcecode.swift; path = StudyiOSProjectApp.swift; sourceTree = "<group>"; };
		5248E9122BED2A8F0079E1BE /* ContentView.swift */ = {isa = PBXFileReference; lastKnownFileType = sourcecode.swift; path = ContentView.swift; sourceTree = "<group>"; };
		5248E9142BED2A8F0079E1BE /* Item.swift */ = {isa = PBXFileReference; lastKnownFileType = sourcecode.swift; path = Item.swift; sourceTree = "<group>"; };
		5248E9162BED2A920079E1BE /* Assets.xcassets */ = {isa = PBXFileReference; lastKnownFileType = folder.assetcatalog; path = Assets.xcassets; sourceTree = "<group>"; };
		5248E9182BED2A920079E1BE /* StudyiOSProject.entitlements */ = {isa = PBXFileReference; lastKnownFileType = text.plist.entitlements; path = StudyiOSProject.entitlements; sourceTree = "<group>"; };
		5248E91A2BED2A920079E1BE /* Preview Assets.xcassets */ = {isa = PBXFileReference; lastKnownFileType = folder.assetcatalog; path = "Preview Assets.xcassets"; sourceTree = "<group>"; };
		5248E9202BED2A920079E1BE /* StudyiOSProjectTests.xctest */ = {isa = PBXFileReference; explicitFileType = wrapper.cfbundle; includeInIndex = 0; path = StudyiOSProjectTests.xctest; sourceTree = BUILT_PRODUCTS_DIR; };
		5248E9242BED2A920079E1BE /* StudyiOSProjectTests.swift */ = {isa = PBXFileReference; lastKnownFileType = sourcecode.swift; path = StudyiOSProjectTests.swift; sourceTree = "<group>"; };
		5248E92A2BED2A920079E1BE /* StudyiOSProjectUITests.xctest */ = {isa = PBXFileReference; explicitFileType = wrapper.cfbundle; includeInIndex = 0; path = StudyiOSProjectUITests.xctest; sourceTree = BUILT_PRODUCTS_DIR; };
		5248E92E2BED2A920079E1BE /* StudyiOSProjectUITests.swift */ = {isa = PBXFileReference; lastKnownFileType = sourcecode.swift; path = StudyiOSProjectUITests.swift; sourceTree = "<group>"; };
		5248E9302BED2A930079E1BE /* StudyiOSProjectUITestsLaunchTests.swift */ = {isa = PBXFileReference; lastKnownFileType = sourcecode.swift; path = StudyiOSProjectUITestsLaunchTests.swift; sourceTree = "<group>"; };
		5248E93D2BED2EC00079E1BE /* .gitignore */ = {isa = PBXFileReference; lastKnownFileType = text; path = .gitignore; sourceTree = "<group>"; };
/* End PBXFileReference section */

/* Begin PBXFrameworksBuildPhase section */
		5248E90A2BED2A8F0079E1BE /* Frameworks */ = {
			isa = PBXFrameworksBuildPhase;
			buildActionMask = 2147483647;
			files = (
			);
			runOnlyForDeploymentPostprocessing = 0;
		};
		5248E91D2BED2A920079E1BE /* Frameworks */ = {
			isa = PBXFrameworksBuildPhase;
			buildActionMask = 2147483647;
			files = (
			);
			runOnlyForDeploymentPostprocessing = 0;
		};
		5248E9272BED2A920079E1BE /* Frameworks */ = {
			isa = PBXFrameworksBuildPhase;
			buildActionMask = 2147483647;
			files = (
			);
			runOnlyForDeploymentPostprocessing = 0;
		};
/* End PBXFrameworksBuildPhase section */

/* Begin PBXGroup section */
		5248E9042BED2A8F0079E1BE = {
			isa = PBXGroup;
			children = (
				5248E93D2BED2EC00079E1BE /* .gitignore */,
				5248E90F2BED2A8F0079E1BE /* StudyiOSProject */,
				5248E9232BED2A920079E1BE /* StudyiOSProjectTests */,
				5248E92D2BED2A920079E1BE /* StudyiOSProjectUITests */,
				5248E90E2BED2A8F0079E1BE /* Products */,
			);
			sourceTree = "<group>";
		};
		5248E90E2BED2A8F0079E1BE /* Products */ = {
			isa = PBXGroup;
			children = (
				5248E90D2BED2A8F0079E1BE /* StudyiOSProject.app */,
				5248E9202BED2A920079E1BE /* StudyiOSProjectTests.xctest */,
				5248E92A2BED2A920079E1BE /* StudyiOSProjectUITests.xctest */,
			);
			name = Products;
			sourceTree = "<group>";
		};
		5248E90F2BED2A8F0079E1BE /* StudyiOSProject */ = {
			isa = PBXGroup;
			children = (
				5248E9102BED2A8F0079E1BE /* StudyiOSProjectApp.swift */,
				5248E9122BED2A8F0079E1BE /* ContentView.swift */,
				5248E9142BED2A8F0079E1BE /* Item.swift */,
				5248E9162BED2A920079E1BE /* Assets.xcassets */,
				5248E9182BED2A920079E1BE /* StudyiOSProject.entitlements */,
				5248E9192BED2A920079E1BE /* Preview Content */,
			);
			path = StudyiOSProject;
			sourceTree = "<group>";
		};
		5248E9192BED2A920079E1BE /* Preview Content */ = {
			isa = PBXGroup;
			children = (
				5248E91A2BED2A920079E1BE /* Preview Assets.xcassets */,
			);
			path = "Preview Content";
			sourceTree = "<group>";
		};
		5248E9232BED2A920079E1BE /* StudyiOSProjectTests */ = {
			isa = PBXGroup;
			children = (
				5248E9242BED2A920079E1BE /* StudyiOSProjectTests.swift */,
			);
			path = StudyiOSProjectTests;
			sourceTree = "<group>";
		};
		5248E92D2BED2A920079E1BE /* StudyiOSProjectUITests */ = {
			isa = PBXGroup;
			children = (
				5248E92E2BED2A920079E1BE /* StudyiOSProjectUITests.swift */,
				5248E9302BED2A930079E1BE /* StudyiOSProjectUITestsLaunchTests.swift */,
			);
			path = StudyiOSProjectUITests;
			sourceTree = "<group>";
		};
/* End PBXGroup section */

/* Begin PBXNativeTarget section */
		5248E90C2BED2A8F0079E1BE /* StudyiOSProject */ = {
			isa = PBXNativeTarget;
			buildConfigurationList = 5248E9342BED2A930079E1BE /* Build configuration list for PBXNativeTarget "StudyiOSProject" */;
			buildPhases = (
				5248E9092BED2A8F0079E1BE /* Sources */,
				5248E90A2BED2A8F0079E1BE /* Frameworks */,
				5248E90B2BED2A8F0079E1BE /* Resources */,
			);
			buildRules = (
			);
			dependencies = (
			);
			name = StudyiOSProject;
			productName = StudyiOSProject;
			productReference = 5248E90D2BED2A8F0079E1BE /* StudyiOSProject.app */;
			productType = "com.apple.product-type.application";
		};
		5248E91F2BED2A920079E1BE /* StudyiOSProjectTests */ = {
			isa = PBXNativeTarget;
			buildConfigurationList = 5248E9372BED2A930079E1BE /* Build configuration list for PBXNativeTarget "StudyiOSProjectTests" */;
			buildPhases = (
				5248E91C2BED2A920079E1BE /* Sources */,
				5248E91D2BED2A920079E1BE /* Frameworks */,
				5248E91E2BED2A920079E1BE /* Resources */,
			);
			buildRules = (
			);
			dependencies = (
				5248E9222BED2A920079E1BE /* PBXTargetDependency */,
			);
			name = StudyiOSProjectTests;
			productName = StudyiOSProjectTests;
			productReference = 5248E9202BED2A920079E1BE /* StudyiOSProjectTests.xctest */;
			productType = "com.apple.product-type.bundle.unit-test";
		};
		5248E9292BED2A920079E1BE /* StudyiOSProjectUITests */ = {
			isa = PBXNativeTarget;
			buildConfigurationList = 5248E93A2BED2A930079E1BE /* Build configuration list for PBXNativeTarget "StudyiOSProjectUITests" */;
			buildPhases = (
				5248E9262BED2A920079E1BE /* Sources */,
				5248E9272BED2A920079E1BE /* Frameworks */,
				5248E9282BED2A920079E1BE /* Resources */,
			);
			buildRules = (
			);
			dependencies = (
				5248E92C2BED2A920079E1BE /* PBXTargetDependency */,
			);
			name = StudyiOSProjectUITests;
			productName = StudyiOSProjectUITests;
			productReference = 5248E92A2BED2A920079E1BE /* StudyiOSProjectUITests.xctest */;
			productType = "com.apple.product-type.bundle.ui-testing";
		};
/* End PBXNativeTarget section */

/* Begin PBXProject section */
		5248E9052BED2A8F0079E1BE /* Project object */ = {
			isa = PBXProject;
			attributes = {
				BuildIndependentTargetsInParallel = 1;
				LastSwiftUpdateCheck = 1530;
				LastUpgradeCheck = 1530;
				TargetAttributes = {
					5248E90C2BED2A8F0079E1BE = {
						CreatedOnToolsVersion = 15.3;
					};
					5248E91F2BED2A920079E1BE = {
						CreatedOnToolsVersion = 15.3;
						TestTargetID = 5248E90C2BED2A8F0079E1BE;
					};
					5248E9292BED2A920079E1BE = {
						CreatedOnToolsVersion = 15.3;
						TestTargetID = 5248E90C2BED2A8F0079E1BE;
					};
				};
			};
			buildConfigurationList = 5248E9082BED2A8F0079E1BE /* Build configuration list for PBXProject "StudyiOSProject" */;
			compatibilityVersion = "Xcode 14.0";
			developmentRegion = en;
			hasScannedForEncodings = 0;
			knownRegions = (
				en,
				Base,
			);
			mainGroup = 5248E9042BED2A8F0079E1BE;
			productRefGroup = 5248E90E2BED2A8F0079E1BE /* Products */;
			projectDirPath = "";
			projectRoot = "";
			targets = (
				5248E90C2BED2A8F0079E1BE /* StudyiOSProject */,
				5248E91F2BED2A920079E1BE /* StudyiOSProjectTests */,
				5248E9292BED2A920079E1BE /* StudyiOSProjectUITests */,
			);
		};
/* End PBXProject section */

/* Begin PBXResourcesBuildPhase section */
		5248E90B2BED2A8F0079E1BE /* Resources */ = {
			isa = PBXResourcesBuildPhase;
			buildActionMask = 2147483647;
			files = (
				5248E91B2BED2A920079E1BE /* Preview Assets.xcassets in Resources */,
				5248E9172BED2A920079E1BE /* Assets.xcassets in Resources */,
			);
			runOnlyForDeploymentPostprocessing = 0;
		};
		5248E91E2BED2A920079E1BE /* Resources */ = {
			isa = PBXResourcesBuildPhase;
			buildActionMask = 2147483647;
			files = (
			);
			runOnlyForDeploymentPostprocessing = 0;
		};
		5248E9282BED2A920079E1BE /* Resources */ = {
			isa = PBXResourcesBuildPhase;
			buildActionMask = 2147483647;
			files = (
			);
			runOnlyForDeploymentPostprocessing = 0;
		};
/* End PBXResourcesBuildPhase section */

/* Begin PBXSourcesBuildPhase section */
		5248E9092BED2A8F0079E1BE /* Sources */ = {
			isa = PBXSourcesBuildPhase;
			buildActionMask = 2147483647;
			files = (
				5248E9132BED2A8F0079E1BE /* ContentView.swift in Sources */,
				5248E9152BED2A8F0079E1BE /* Item.swift in Sources */,
				5248E9112BED2A8F0079E1BE /* StudyiOSProjectApp.swift in Sources */,
			);
			runOnlyForDeploymentPostprocessing = 0;
		};
		5248E91C2BED2A920079E1BE /* Sources */ = {
			isa = PBXSourcesBuildPhase;
			buildActionMask = 2147483647;
			files = (
				5248E9252BED2A920079E1BE /* StudyiOSProjectTests.swift in Sources */,
			);
			runOnlyForDeploymentPostprocessing = 0;
		};
		5248E9262BED2A920079E1BE /* Sources */ = {
			isa = PBXSourcesBuildPhase;
			buildActionMask = 2147483647;
			files = (
				5248E9312BED2A930079E1BE /* StudyiOSProjectUITestsLaunchTests.swift in Sources */,
				5248E92F2BED2A920079E1BE /* StudyiOSProjectUITests.swift in Sources */,
			);
			runOnlyForDeploymentPostprocessing = 0;
		};
/* End PBXSourcesBuildPhase section */

/* Begin PBXTargetDependency section */
		5248E9222BED2A920079E1BE /* PBXTargetDependency */ = {
			isa = PBXTargetDependency;
			target = 5248E90C2BED2A8F0079E1BE /* StudyiOSProject */;
			targetProxy = 5248E9212BED2A920079E1BE /* PBXContainerItemProxy */;
		};
		5248E92C2BED2A920079E1BE /* PBXTargetDependency */ = {
			isa = PBXTargetDependency;
			target = 5248E90C2BED2A8F0079E1BE /* StudyiOSProject */;
			targetProxy = 5248E92B2BED2A920079E1BE /* PBXContainerItemProxy */;
		};
/* End PBXTargetDependency section */

/* Begin XCBuildConfiguration section */
		5248E9322BED2A930079E1BE /* Debug */ = {
			isa = XCBuildConfiguration;
			buildSettings = {
				ALWAYS_SEARCH_USER_PATHS = NO;
				ASSETCATALOG_COMPILER_GENERATE_SWIFT_ASSET_SYMBOL_EXTENSIONS = YES;
				CLANG_ANALYZER_NONNULL = YES;
				CLANG_ANALYZER_NUMBER_OBJECT_CONVERSION = YES_AGGRESSIVE;
				CLANG_CXX_LANGUAGE_STANDARD = "gnu++20";
				CLANG_ENABLE_MODULES = YES;
				CLANG_ENABLE_OBJC_ARC = YES;
				CLANG_ENABLE_OBJC_WEAK = YES;
				CLANG_WARN_BLOCK_CAPTURE_AUTORELEASING = YES;
				CLANG_WARN_BOOL_CONVERSION = YES;
				CLANG_WARN_COMMA = YES;
				CLANG_WARN_CONSTANT_CONVERSION = YES;
				CLANG_WARN_DEPRECATED_OBJC_IMPLEMENTATIONS = YES;
				CLANG_WARN_DIRECT_OBJC_ISA_USAGE = YES_ERROR;
				CLANG_WARN_DOCUMENTATION_COMMENTS = YES;
				CLANG_WARN_EMPTY_BODY = YES;
				CLANG_WARN_ENUM_CONVERSION = YES;
				CLANG_WARN_INFINITE_RECURSION = YES;
				CLANG_WARN_INT_CONVERSION = YES;
				CLANG_WARN_NON_LITERAL_NULL_CONVERSION = YES;
				CLANG_WARN_OBJC_IMPLICIT_RETAIN_SELF = YES;
				CLANG_WARN_OBJC_LITERAL_CONVERSION = YES;
				CLANG_WARN_OBJC_ROOT_CLASS = YES_ERROR;
				CLANG_WARN_QUOTED_INCLUDE_IN_FRAMEWORK_HEADER = YES;
				CLANG_WARN_RANGE_LOOP_ANALYSIS = YES;
				CLANG_WARN_STRICT_PROTOTYPES = YES;
				CLANG_WARN_SUSPICIOUS_MOVE = YES;
				CLANG_WARN_UNGUARDED_AVAILABILITY = YES_AGGRESSIVE;
				CLANG_WARN_UNREACHABLE_CODE = YES;
				CLANG_WARN__DUPLICATE_METHOD_MATCH = YES;
				COPY_PHASE_STRIP = NO;
				DEBUG_INFORMATION_FORMAT = dwarf;
				ENABLE_STRICT_OBJC_MSGSEND = YES;
				ENABLE_TESTABILITY = YES;
				ENABLE_USER_SCRIPT_SANDBOXING = YES;
				GCC_C_LANGUAGE_STANDARD = gnu17;
				GCC_DYNAMIC_NO_PIC = NO;
				GCC_NO_COMMON_BLOCKS = YES;
				GCC_OPTIMIZATION_LEVEL = 0;
				GCC_PREPROCESSOR_DEFINITIONS = (
					"DEBUG=1",
					"$(inherited)",
				);
				GCC_WARN_64_TO_32_BIT_CONVERSION = YES;
				GCC_WARN_ABOUT_RETURN_TYPE = YES_ERROR;
				GCC_WARN_UNDECLARED_SELECTOR = YES;
				GCC_WARN_UNINITIALIZED_AUTOS = YES_AGGRESSIVE;
				GCC_WARN_UNUSED_FUNCTION = YES;
				GCC_WARN_UNUSED_VARIABLE = YES;
				LOCALIZATION_PREFERS_STRING_CATALOGS = YES;
				MTL_ENABLE_DEBUG_INFO = INCLUDE_SOURCE;
				MTL_FAST_MATH = YES;
				ONLY_ACTIVE_ARCH = YES;
				SWIFT_ACTIVE_COMPILATION_CONDITIONS = "DEBUG $(inherited)";
				SWIFT_OPTIMIZATION_LEVEL = "-Onone";
			};
			name = Debug;
		};
		5248E9332BED2A930079E1BE /* Release */ = {
			isa = XCBuildConfiguration;
			buildSettings = {
				ALWAYS_SEARCH_USER_PATHS = NO;
				ASSETCATALOG_COMPILER_GENERATE_SWIFT_ASSET_SYMBOL_EXTENSIONS = YES;
				CLANG_ANALYZER_NONNULL = YES;
				CLANG_ANALYZER_NUMBER_OBJECT_CONVERSION = YES_AGGRESSIVE;
				CLANG_CXX_LANGUAGE_STANDARD = "gnu++20";
				CLANG_ENABLE_MODULES = YES;
				CLANG_ENABLE_OBJC_ARC = YES;
				CLANG_ENABLE_OBJC_WEAK = YES;
				CLANG_WARN_BLOCK_CAPTURE_AUTORELEASING = YES;
				CLANG_WARN_BOOL_CONVERSION = YES;
				CLANG_WARN_COMMA = YES;
				CLANG_WARN_CONSTANT_CONVERSION = YES;
				CLANG_WARN_DEPRECATED_OBJC_IMPLEMENTATIONS = YES;
				CLANG_WARN_DIRECT_OBJC_ISA_USAGE = YES_ERROR;
				CLANG_WARN_DOCUMENTATION_COMMENTS = YES;
				CLANG_WARN_EMPTY_BODY = YES;
				CLANG_WARN_ENUM_CONVERSION = YES;
				CLANG_WARN_INFINITE_RECURSION = YES;
				CLANG_WARN_INT_CONVERSION = YES;
				CLANG_WARN_NON_LITERAL_NULL_CONVERSION = YES;
				CLANG_WARN_OBJC_IMPLICIT_RETAIN_SELF = YES;
				CLANG_WARN_OBJC_LITERAL_CONVERSION = YES;
				CLANG_WARN_OBJC_ROOT_CLASS = YES_ERROR;
				CLANG_WARN_QUOTED_INCLUDE_IN_FRAMEWORK_HEADER = YES;
				CLANG_WARN_RANGE_LOOP_ANALYSIS = YES;
				CLANG_WARN_STRICT_PROTOTYPES = YES;
				CLANG_WARN_SUSPICIOUS_MOVE = YES;
				CLANG_WARN_UNGUARDED_AVAILABILITY = YES_AGGRESSIVE;
				CLANG_WARN_UNREACHABLE_CODE = YES;
				CLANG_WARN__DUPLICATE_METHOD_MATCH = YES;
				COPY_PHASE_STRIP = NO;
				DEBUG_INFORMATION_FORMAT = "dwarf-with-dsym";
				ENABLE_NS_ASSERTIONS = NO;
				ENABLE_STRICT_OBJC_MSGSEND = YES;
				ENABLE_USER_SCRIPT_SANDBOXING = YES;
				GCC_C_LANGUAGE_STANDARD = gnu17;
				GCC_NO_COMMON_BLOCKS = YES;
				GCC_WARN_64_TO_32_BIT_CONVERSION = YES;
				GCC_WARN_ABOUT_RETURN_TYPE = YES_ERROR;
				GCC_WARN_UNDECLARED_SELECTOR = YES;
				GCC_WARN_UNINITIALIZED_AUTOS = YES_AGGRESSIVE;
				GCC_WARN_UNUSED_FUNCTION = YES;
				GCC_WARN_UNUSED_VARIABLE = YES;
				LOCALIZATION_PREFERS_STRING_CATALOGS = YES;
				MTL_ENABLE_DEBUG_INFO = NO;
				MTL_FAST_MATH = YES;
				SWIFT_COMPILATION_MODE = wholemodule;
			};
			name = Release;
		};
		5248E9352BED2A930079E1BE /* Debug */ = {
			isa = XCBuildConfiguration;
			buildSettings = {
				ASSETCATALOG_COMPILER_APPICON_NAME = AppIcon;
				ASSETCATALOG_COMPILER_GLOBAL_ACCENT_COLOR_NAME = AccentColor;
				CODE_SIGN_ENTITLEMENTS = StudyiOSProject/StudyiOSProject.entitlements;
				CODE_SIGN_STYLE = Automatic;
				CURRENT_PROJECT_VERSION = 1;
				DEVELOPMENT_ASSET_PATHS = "\"StudyiOSProject/Preview Content\"";
				DEVELOPMENT_TEAM = 3HQKD5726D;
				ENABLE_HARDENED_RUNTIME = YES;
				ENABLE_PREVIEWS = YES;
				GENERATE_INFOPLIST_FILE = YES;
				"INFOPLIST_KEY_UIApplicationSceneManifest_Generation[sdk=iphoneos*]" = YES;
				"INFOPLIST_KEY_UIApplicationSceneManifest_Generation[sdk=iphonesimulator*]" = YES;
				"INFOPLIST_KEY_UIApplicationSupportsIndirectInputEvents[sdk=iphoneos*]" = YES;
				"INFOPLIST_KEY_UIApplicationSupportsIndirectInputEvents[sdk=iphonesimulator*]" = YES;
				"INFOPLIST_KEY_UILaunchScreen_Generation[sdk=iphoneos*]" = YES;
				"INFOPLIST_KEY_UILaunchScreen_Generation[sdk=iphonesimulator*]" = YES;
				"INFOPLIST_KEY_UIStatusBarStyle[sdk=iphoneos*]" = UIStatusBarStyleDefault;
				"INFOPLIST_KEY_UIStatusBarStyle[sdk=iphonesimulator*]" = UIStatusBarStyleDefault;
				INFOPLIST_KEY_UISupportedInterfaceOrientations_iPad = "UIInterfaceOrientationPortrait UIInterfaceOrientationPortraitUpsideDown UIInterfaceOrientationLandscapeLeft UIInterfaceOrientationLandscapeRight";
				INFOPLIST_KEY_UISupportedInterfaceOrientations_iPhone = "UIInterfaceOrientationPortrait UIInterfaceOrientationLandscapeLeft UIInterfaceOrientationLandscapeRight";
				IPHONEOS_DEPLOYMENT_TARGET = 17.4;
				LD_RUNPATH_SEARCH_PATHS = "@executable_path/Frameworks";
				"LD_RUNPATH_SEARCH_PATHS[sdk=macosx*]" = "@executable_path/../Frameworks";
				MACOSX_DEPLOYMENT_TARGET = 14.0;
				MARKETING_VERSION = 1.0;
				PRODUCT_BUNDLE_IDENTIFIER = com.nghiamy.alanvo.StudyiOSProject;
				PRODUCT_NAME = "$(TARGET_NAME)";
				SDKROOT = auto;
				SUPPORTED_PLATFORMS = "iphoneos iphonesimulator macosx";
				SWIFT_EMIT_LOC_STRINGS = YES;
				SWIFT_VERSION = 5.0;
				TARGETED_DEVICE_FAMILY = "1,2";
			};
			name = Debug;
		};
		5248E9362BED2A930079E1BE /* Release */ = {
			isa = XCBuildConfiguration;
			buildSettings = {
				ASSETCATALOG_COMPILER_APPICON_NAME = AppIcon;
				ASSETCATALOG_COMPILER_GLOBAL_ACCENT_COLOR_NAME = AccentColor;
				CODE_SIGN_ENTITLEMENTS = StudyiOSProject/StudyiOSProject.entitlements;
				CODE_SIGN_STYLE = Automatic;
				CURRENT_PROJECT_VERSION = 1;
				DEVELOPMENT_ASSET_PATHS = "\"StudyiOSProject/Preview Content\"";
				DEVELOPMENT_TEAM = 3HQKD5726D;
				ENABLE_HARDENED_RUNTIME = YES;
				ENABLE_PREVIEWS = YES;
				GENERATE_INFOPLIST_FILE = YES;
				"INFOPLIST_KEY_UIApplicationSceneManifest_Generation[sdk=iphoneos*]" = YES;
				"INFOPLIST_KEY_UIApplicationSceneManifest_Generation[sdk=iphonesimulator*]" = YES;
				"INFOPLIST_KEY_UIApplicationSupportsIndirectInputEvents[sdk=iphoneos*]" = YES;
				"INFOPLIST_KEY_UIApplicationSupportsIndirectInputEvents[sdk=iphonesimulator*]" = YES;
				"INFOPLIST_KEY_UILaunchScreen_Generation[sdk=iphoneos*]" = YES;
				"INFOPLIST_KEY_UILaunchScreen_Generation[sdk=iphonesimulator*]" = YES;
				"INFOPLIST_KEY_UIStatusBarStyle[sdk=iphoneos*]" = UIStatusBarStyleDefault;
				"INFOPLIST_KEY_UIStatusBarStyle[sdk=iphonesimulator*]" = UIStatusBarStyleDefault;
				INFOPLIST_KEY_UISupportedInterfaceOrientations_iPad = "UIInterfaceOrientationPortrait UIInterfaceOrientationPortraitUpsideDown UIInterfaceOrientationLandscapeLeft UIInterfaceOrientationLandscapeRight";
				INFOPLIST_KEY_UISupportedInterfaceOrientations_iPhone = "UIInterfaceOrientationPortrait UIInterfaceOrientationLandscapeLeft UIInterfaceOrientationLandscapeRight";
				IPHONEOS_DEPLOYMENT_TARGET = 17.4;
				LD_RUNPATH_SEARCH_PATHS = "@executable_path/Frameworks";
				"LD_RUNPATH_SEARCH_PATHS[sdk=macosx*]" = "@executable_path/../Frameworks";
				MACOSX_DEPLOYMENT_TARGET = 14.0;
				MARKETING_VERSION = 1.0;
				PRODUCT_BUNDLE_IDENTIFIER = com.nghiamy.alanvo.StudyiOSProject;
				PRODUCT_NAME = "$(TARGET_NAME)";
				SDKROOT = auto;
				SUPPORTED_PLATFORMS = "iphoneos iphonesimulator macosx";
				SWIFT_EMIT_LOC_STRINGS = YES;
				SWIFT_VERSION = 5.0;
				TARGETED_DEVICE_FAMILY = "1,2";
			};
			name = Release;
		};
		5248E9382BED2A930079E1BE /* Debug */ = {
			isa = XCBuildConfiguration;
			buildSettings = {
				ALWAYS_EMBED_SWIFT_STANDARD_LIBRARIES = YES;
				BUNDLE_LOADER = "$(TEST_HOST)";
				CODE_SIGN_STYLE = Automatic;
				CURRENT_PROJECT_VERSION = 1;
				DEVELOPMENT_TEAM = 3HQKD5726D;
				GENERATE_INFOPLIST_FILE = YES;
				IPHONEOS_DEPLOYMENT_TARGET = 17.4;
				MACOSX_DEPLOYMENT_TARGET = 14.2;
				MARKETING_VERSION = 1.0;
				PRODUCT_BUNDLE_IDENTIFIER = com.nghiamy.alanvo.StudyiOSProjectTests;
				PRODUCT_NAME = "$(TARGET_NAME)";
				SDKROOT = auto;
				SUPPORTED_PLATFORMS = "iphoneos iphonesimulator macosx";
				SWIFT_EMIT_LOC_STRINGS = NO;
				SWIFT_VERSION = 5.0;
				TARGETED_DEVICE_FAMILY = "1,2";
				TEST_HOST = "$(BUILT_PRODUCTS_DIR)/StudyiOSProject.app/$(BUNDLE_EXECUTABLE_FOLDER_PATH)/StudyiOSProject";
			};
			name = Debug;
		};
		5248E9392BED2A930079E1BE /* Release */ = {
			isa = XCBuildConfiguration;
			buildSettings = {
				ALWAYS_EMBED_SWIFT_STANDARD_LIBRARIES = YES;
				BUNDLE_LOADER = "$(TEST_HOST)";
				CODE_SIGN_STYLE = Automatic;
				CURRENT_PROJECT_VERSION = 1;
				DEVELOPMENT_TEAM = 3HQKD5726D;
				GENERATE_INFOPLIST_FILE = YES;
				IPHONEOS_DEPLOYMENT_TARGET = 17.4;
				MACOSX_DEPLOYMENT_TARGET = 14.2;
				MARKETING_VERSION = 1.0;
				PRODUCT_BUNDLE_IDENTIFIER = com.nghiamy.alanvo.StudyiOSProjectTests;
				PRODUCT_NAME = "$(TARGET_NAME)";
				SDKROOT = auto;
				SUPPORTED_PLATFORMS = "iphoneos iphonesimulator macosx";
				SWIFT_EMIT_LOC_STRINGS = NO;
				SWIFT_VERSION = 5.0;
				TARGETED_DEVICE_FAMILY = "1,2";
				TEST_HOST = "$(BUILT_PRODUCTS_DIR)/StudyiOSProject.app/$(BUNDLE_EXECUTABLE_FOLDER_PATH)/StudyiOSProject";
			};
			name = Release;
		};
		5248E93B2BED2A930079E1BE /* Debug */ = {
			isa = XCBuildConfiguration;
			buildSettings = {
				ALWAYS_EMBED_SWIFT_STANDARD_LIBRARIES = YES;
				CODE_SIGN_STYLE = Automatic;
				CURRENT_PROJECT_VERSION = 1;
				DEVELOPMENT_TEAM = 3HQKD5726D;
				GENERATE_INFOPLIST_FILE = YES;
				IPHONEOS_DEPLOYMENT_TARGET = 17.4;
				MACOSX_DEPLOYMENT_TARGET = 14.2;
				MARKETING_VERSION = 1.0;
				PRODUCT_BUNDLE_IDENTIFIER = com.nghiamy.alanvo.StudyiOSProjectUITests;
				PRODUCT_NAME = "$(TARGET_NAME)";
				SDKROOT = auto;
				SUPPORTED_PLATFORMS = "iphoneos iphonesimulator macosx";
				SWIFT_EMIT_LOC_STRINGS = NO;
				SWIFT_VERSION = 5.0;
				TARGETED_DEVICE_FAMILY = "1,2";
				TEST_TARGET_NAME = StudyiOSProject;
			};
			name = Debug;
		};
		5248E93C2BED2A930079E1BE /* Release */ = {
			isa = XCBuildConfiguration;
			buildSettings = {
				ALWAYS_EMBED_SWIFT_STANDARD_LIBRARIES = YES;
				CODE_SIGN_STYLE = Automatic;
				CURRENT_PROJECT_VERSION = 1;
				DEVELOPMENT_TEAM = 3HQKD5726D;
				GENERATE_INFOPLIST_FILE = YES;
				IPHONEOS_DEPLOYMENT_TARGET = 17.4;
				MACOSX_DEPLOYMENT_TARGET = 14.2;
				MARKETING_VERSION = 1.0;
				PRODUCT_BUNDLE_IDENTIFIER = com.nghiamy.alanvo.StudyiOSProjectUITests;
				PRODUCT_NAME = "$(TARGET_NAME)";
				SDKROOT = auto;
				SUPPORTED_PLATFORMS = "iphoneos iphonesimulator macosx";
				SWIFT_EMIT_LOC_STRINGS = NO;
				SWIFT_VERSION = 5.0;
				TARGETED_DEVICE_FAMILY = "1,2";
				TEST_TARGET_NAME = StudyiOSProject;
			};
			name = Release;
		};
/* End XCBuildConfiguration section */

/* Begin XCConfigurationList section */
		5248E9082BED2A8F0079E1BE /* Build configuration list for PBXProject "StudyiOSProject" */ = {
			isa = XCConfigurationList;
			buildConfigurations = (
				5248E9322BED2A930079E1BE /* Debug */,
				5248E9332BED2A930079E1BE /* Release */,
			);
			defaultConfigurationIsVisible = 0;
			defaultConfigurationName = Release;
		};
		5248E9342BED2A930079E1BE /* Build configuration list for PBXNativeTarget "StudyiOSProject" */ = {
			isa = XCConfigurationList;
			buildConfigurations = (
				5248E9352BED2A930079E1BE /* Debug */,
				5248E9362BED2A930079E1BE /* Release */,
			);
			defaultConfigurationIsVisible = 0;
			defaultConfigurationName = Release;
		};
		5248E9372BED2A930079E1BE /* Build configuration list for PBXNativeTarget "StudyiOSProjectTests" */ = {
			isa = XCConfigurationList;
			buildConfigurations = (
				5248E9382BED2A930079E1BE /* Debug */,
				5248E9392BED2A930079E1BE /* Release */,
			);
			defaultConfigurationIsVisible = 0;
			defaultConfigurationName = Release;
		};
		5248E93A2BED2A930079E1BE /* Build configuration list for PBXNativeTarget "StudyiOSProjectUITests" */ = {
			isa = XCConfigurationList;
			buildConfigurations = (
				5248E93B2BED2A930079E1BE /* Debug */,
				5248E93C2BED2A930079E1BE /* Release */,
			);
			defaultConfigurationIsVisible = 0;
			defaultConfigurationName = Release;
		};
/* End XCConfigurationList section */
	};
	rootObject = 5248E9052BED2A8F0079E1BE /* Project object */;
}
